
Microsoft Visual Studio Solution File, Format Version 12.00
# Visual Studio 15
VisualStudioVersion = 15.0.28010.2019
MinimumVisualStudioVersion = 10.0.40219.1
Project("{FAE04EC0-301F-11D3-BF4B-00C04F79EFBC}") = "Monitorizare", "Monitorizare\Monitorizare.csproj", "{20636F59-7B66-417D-865B-B103C35918E7}"
EndProject
Global
	GlobalSection(SolutionConfigurationPlatforms) = preSolution
		Debug|Any CPU = Debug|Any CPU
		Release|Any CPU = Release|Any CPU
	EndGlobalSection
	GlobalSection(ProjectConfigurationPlatforms) = postSolution
		{20636F59-7B66-417D-865B-B103C35918E7}.Debug|Any CPU.ActiveCfg = Debug|Any CPU
		{20636F59-7B66-417D-865B-B103C35918E7}.Debug|Any CPU.Build.0 = Debug|Any CPU
		{20636F59-7B66-417D-865B-B103C35918E7}.Release|Any CPU.ActiveCfg = Release|Any CPU
		{20636F59-7B66-417D-865B-B103C35918E7}.Release|Any CPU.Build.0 = Release|Any CPU
	EndGlobalSection
	GlobalSection(SolutionProperties) = preSolution
		HideSolutionNode = FALSE
	EndGlobalSection
	GlobalSection(ExtensibilityGlobals) = postSolution
		SolutionGuid = {912297F9-718A-41BF-A464-CB5EA8A1C149}
	EndGlobalSection
EndGlobal
