Microsoft Visual Studio Solution File, Format Version 12.00
# Visual Studio Version 17
VisualStudioVersion = 17.5.2.0
MinimumVisualStudioVersion = 10.0.40219.1
Project("{FAE04EC0-301F-11D3-BF4B-00C04F79EFBC}") = "Monitorizare", "Monitorizare.csproj", "{0449B231-23D2-D9B6-DDDB-5D53DABA07D5}"
EndProject
Global
	GlobalSection(SolutionConfigurationPlatforms) = preSolution
		Debug|Any CPU = Debug|Any CPU
		Release|Any CPU = Release|Any CPU
	EndGlobalSection
	GlobalSection(ProjectConfigurationPlatforms) = postSolution
		{0449B231-23D2-D9B6-DDDB-5D53DABA07D5}.Debug|Any CPU.ActiveCfg = Debug|Any CPU
		{0449B231-23D2-D9B6-DDDB-5D53DABA07D5}.Debug|Any CPU.Build.0 = Debug|Any CPU
		{0449B231-23D2-D9B6-DDDB-5D53DABA07D5}.Release|Any CPU.ActiveCfg = Release|Any CPU
		{0449B231-23D2-D9B6-DDDB-5D53DABA07D5}.Release|Any CPU.Build.0 = Release|Any CPU
	EndGlobalSection
	GlobalSection(SolutionProperties) = preSolution
		HideSolutionNode = FALSE
	EndGlobalSection
	GlobalSection(ExtensibilityGlobals) = postSolution
		SolutionGuid = {46F02666-01B5-4620-B1D5-8D64983CED0B}
	EndGlobalSection
EndGlobal
